// !$*UTF8*$!
{
	archiveVersion = 1;
	classes = {
	};
	objectVersion = 77;
	objects = {

/* Begin PBXBuildFile section */
		03B7A1D2E8F94C3A1B5D6E7F /* AccessibilityMenuBarHelper.swift in Sources */ = {isa = PBXBuildFile; fileRef = F1A2B3C4D5E6F708A9B0C1D2 /* AccessibilityMenuBarHelper.swift */; };
		06D9732D5D4E6C606B3D405D /* Bundle+Version.swift in Sources */ = {isa = PBXBuildFile; fileRef = A44E3CEAFCDE83742468D6BF /* Bundle+Version.swift */; };
		407BB81722DE59A01540DC91 /* SnugApp.swift in Sources */ = {isa = PBXBuildFile; fileRef = 6A9D15D8F91284EA00F2E122 /* SnugApp.swift */; };
		5CACB396F0C6E350899F8C3D /* AboutSettingsView.swift in Sources */ = {isa = PBXBuildFile; fileRef = B16A60D20C7860D6BE5D217E /* AboutSettingsView.swift */; };
		657E4CD065CFBF112C307BDF /* AppPreferences.swift in Sources */ = {isa = PBXBuildFile; fileRef = 0639215592A6BE0FD5565AB1 /* AppPreferences.swift */; };
		78BC78A073A764ECB7E2C81D /* AppDelegate.swift in Sources */ = {isa = PBXBuildFile; fileRef = 46908B2CCF2C07AE5838D9B5 /* AppDelegate.swift */; };
		8055282F4BE04FF171AE1D9D /* GlobalKeybindPreferences.swift in Sources */ = {isa = PBXBuildFile; fileRef = 2EB693FA38BB6627653A3A7D /* GlobalKeybindPreferences.swift */; };
		8213856905D700FF0D392DE1 /* SettingsOpener.swift in Sources */ = {isa = PBXBuildFile; fileRef = AAA7E955C5A328B2FDDC49FB /* SettingsOpener.swift */; };
		855417720748B23D246C9489 /* GeneralSettingsView.swift in Sources */ = {isa = PBXBuildFile; fileRef = B58BCEB29C886C6348648394 /* GeneralSettingsView.swift */; };
		8C4D8C13CE295D7BF5586665 /* AutoHideInterval.swift in Sources */ = {isa = PBXBuildFile; fileRef = C43FECE55F521C25AC722CC4 /* AutoHideInterval.swift */; };
		921CA10A2FCA6C7AB290101C /* HotKey in Frameworks */ = {isa = PBXBuildFile; productRef = 947179A7E2AB6162AE6DD25D /* HotKey */; };
		9A44B304E20331012A16B2EC /* Assets.xcassets in Resources */ = {isa = PBXBuildFile; fileRef = 1E6AA399350F76E111E241D1 /* Assets.xcassets */; };
		A18E180EA3E4114AE1CE4E12 /* MenuBarItemManager.swift in Sources */ = {isa = PBXBuildFile; fileRef = 7066230EEF5D01B9DEDDA713 /* MenuBarItemManager.swift */; };
		AA7EEAF2A2668EC6ED359011 /* Permissions.swift in Sources */ = {isa = PBXBuildFile; fileRef = 5881D56DD1347D02C7E2F2B0 /* Permissions.swift */; };
		C93E26DFA31E755B979045B7 /* StatusBarController.swift in Sources */ = {isa = PBXBuildFile; fileRef = 9986A02C6BEFFD28D3AC4339 /* StatusBarController.swift */; };
		E479E0EC25D8C62C8EBA9B73 /* MenuBarItem.swift in Sources */ = {isa = PBXBuildFile; fileRef = 12064846ABB8A64F1DD311AC /* MenuBarItem.swift */; };
		D1E2F3A4B5C6D7E8F9A0B1C2 /* SnugLog.swift in Sources */ = {isa = PBXBuildFile; fileRef = A1B2C3D4E5F6A7B8C9D0E1F2 /* SnugLog.swift */; };
/* End PBXBuildFile section */

/* Begin PBXFileReference section */
		04214993463478A94E6AD752 /* Snug.entitlements */ = {isa = PBXFileReference; lastKnownFileType = text.plist.entitlements; path = Snug.entitlements; sourceTree = "<group>"; };
		F1A2B3C4D5E6F708A9B0C1D2 /* AccessibilityMenuBarHelper.swift */ = {isa = PBXFileReference; lastKnownFileType = sourcecode.swift; path = AccessibilityMenuBarHelper.swift; sourceTree = "<group>"; };
		0639215592A6BE0FD5565AB1 /* AppPreferences.swift */ = {isa = PBXFileReference; lastKnownFileType = sourcecode.swift; path = AppPreferences.swift; sourceTree = "<group>"; };
		12064846ABB8A64F1DD311AC /* MenuBarItem.swift */ = {isa = PBXFileReference; lastKnownFileType = sourcecode.swift; path = MenuBarItem.swift; sourceTree = "<group>"; };
		1E6AA399350F76E111E241D1 /* Assets.xcassets */ = {isa = PBXFileReference; lastKnownFileType = folder.assetcatalog; path = Assets.xcassets; sourceTree = "<group>"; };
		2EB693FA38BB6627653A3A7D /* GlobalKeybindPreferences.swift */ = {isa = PBXFileReference; lastKnownFileType = sourcecode.swift; path = GlobalKeybindPreferences.swift; sourceTree = "<group>"; };
		46908B2CCF2C07AE5838D9B5 /* AppDelegate.swift */ = {isa = PBXFileReference; lastKnownFileType = sourcecode.swift; path = AppDelegate.swift; sourceTree = "<group>"; };
		5881D56DD1347D02C7E2F2B0 /* Permissions.swift */ = {isa = PBXFileReference; lastKnownFileType = sourcecode.swift; path = Permissions.swift; sourceTree = "<group>"; };
		645E59665B30A605B041B102 /* Snug.app */ = {isa = PBXFileReference; explicitFileType = wrapper.application; includeInIndex = 0; path = Snug.app; sourceTree = BUILT_PRODUCTS_DIR; };
		6A9D15D8F91284EA00F2E122 /* SnugApp.swift */ = {isa = PBXFileReference; lastKnownFileType = sourcecode.swift; path = SnugApp.swift; sourceTree = "<group>"; };
		7066230EEF5D01B9DEDDA713 /* MenuBarItemManager.swift */ = {isa = PBXFileReference; lastKnownFileType = sourcecode.swift; path = MenuBarItemManager.swift; sourceTree = "<group>"; };
		9986A02C6BEFFD28D3AC4339 /* StatusBarController.swift */ = {isa = PBXFileReference; lastKnownFileType = sourcecode.swift; path = StatusBarController.swift; sourceTree = "<group>"; };
		A44E3CEAFCDE83742468D6BF /* Bundle+Version.swift */ = {isa = PBXFileReference; lastKnownFileType = sourcecode.swift; path = "Bundle+Version.swift"; sourceTree = "<group>"; };
		AAA7E955C5A328B2FDDC49FB /* SettingsOpener.swift */ = {isa = PBXFileReference; lastKnownFileType = sourcecode.swift; path = SettingsOpener.swift; sourceTree = "<group>"; };
		B16A60D20C7860D6BE5D217E /* AboutSettingsView.swift */ = {isa = PBXFileReference; lastKnownFileType = sourcecode.swift; path = AboutSettingsView.swift; sourceTree = "<group>"; };
		B58BCEB29C886C6348648394 /* GeneralSettingsView.swift */ = {isa = PBXFileReference; lastKnownFileType = sourcecode.swift; path = GeneralSettingsView.swift; sourceTree = "<group>"; };
		C43FECE55F521C25AC722CC4 /* AutoHideInterval.swift */ = {isa = PBXFileReference; lastKnownFileType = sourcecode.swift; path = AutoHideInterval.swift; sourceTree = "<group>"; };
		E32EC3280B7B9D6F7A5863DF /* Info.plist */ = {isa = PBXFileReference; lastKnownFileType = text.plist; path = Info.plist; sourceTree = "<group>"; };
		A1B2C3D4E5F6A7B8C9D0E1F2 /* SnugLog.swift */ = {isa = PBXFileReference; lastKnownFileType = sourcecode.swift; path = SnugLog.swift; sourceTree = "<group>"; };
/* End PBXFileReference section */

/* Begin PBXFrameworksBuildPhase section */
		2BD93EA3F3FC04E421124CCA /* Frameworks */ = {
			isa = PBXFrameworksBuildPhase;
			buildActionMask = 2147483647;
			files = (
				921CA10A2FCA6C7AB290101C /* HotKey in Frameworks */,
			);
			runOnlyForDeploymentPostprocessing = 0;
		};
/* End PBXFrameworksBuildPhase section */

/* Begin PBXGroup section */
		0384D647649DE920C2D2DAD5 /* Products */ = {
			isa = PBXGroup;
			children = (
				645E59665B30A605B041B102 /* Snug.app */,
			);
			name = Products;
			sourceTree = "<group>";
		};
		03A72A5C8FAB79B5B0D0C627 /* Preferences */ = {
			isa = PBXGroup;
			children = (
				B16A60D20C7860D6BE5D217E /* AboutSettingsView.swift */,
				0639215592A6BE0FD5565AB1 /* AppPreferences.swift */,
				B58BCEB29C886C6348648394 /* GeneralSettingsView.swift */,
			);
			path = Preferences;
			sourceTree = "<group>";
		};
		130D34EBF1F3A948C61825D9 /* MenuBar */ = {
			isa = PBXGroup;
			children = (
				F1A2B3C4D5E6F708A9B0C1D2 /* AccessibilityMenuBarHelper.swift */,
				12064846ABB8A64F1DD311AC /* MenuBarItem.swift */,
				7066230EEF5D01B9DEDDA713 /* MenuBarItemManager.swift */,
			);
			path = MenuBar;
			sourceTree = "<group>";
		};
		151B836AD6842D46624306A9 /* Models */ = {
			isa = PBXGroup;
			children = (
				C43FECE55F521C25AC722CC4 /* AutoHideInterval.swift */,
				2EB693FA38BB6627653A3A7D /* GlobalKeybindPreferences.swift */,
			);
			path = Models;
			sourceTree = "<group>";
		};
		3F5402CDDB45F45B646BBA1B /* StatusBar */ = {
			isa = PBXGroup;
			children = (
				9986A02C6BEFFD28D3AC4339 /* StatusBarController.swift */,
			);
			path = StatusBar;
			sourceTree = "<group>";
		};
		71780EC123FAB955B6EE6D80 /* Utilities */ = {
			isa = PBXGroup;
			children = (
				5881D56DD1347D02C7E2F2B0 /* Permissions.swift */,
				AAA7E955C5A328B2FDDC49FB /* SettingsOpener.swift */,
				A1B2C3D4E5F6A7B8C9D0E1F2 /* SnugLog.swift */,
			);
			path = Utilities;
			sourceTree = "<group>";
		};
		87C450B26DA7F3B6A042EC3A /* Resources */ = {
			isa = PBXGroup;
			children = (
				1E6AA399350F76E111E241D1 /* Assets.xcassets */,
			);
			path = Resources;
			sourceTree = "<group>";
		};
		93C988B8E83BA231863E3720 = {
			isa = PBXGroup;
			children = (
				9F44A3188691540ECC0985C0 /* Snug */,
				0384D647649DE920C2D2DAD5 /* Products */,
			);
			sourceTree = "<group>";
		};
		9F44A3188691540ECC0985C0 /* Snug */ = {
			isa = PBXGroup;
			children = (
				46908B2CCF2C07AE5838D9B5 /* AppDelegate.swift */,
				04214993463478A94E6AD752 /* Snug.entitlements */,
				6A9D15D8F91284EA00F2E122 /* SnugApp.swift */,
				E32EC3280B7B9D6F7A5863DF /* Info.plist */,
				F5C3962E8825C0287FCEF980 /* Extensions */,
				130D34EBF1F3A948C61825D9 /* MenuBar */,
				151B836AD6842D46624306A9 /* Models */,
				03A72A5C8FAB79B5B0D0C627 /* Preferences */,
				87C450B26DA7F3B6A042EC3A /* Resources */,
				3F5402CDDB45F45B646BBA1B /* StatusBar */,
				71780EC123FAB955B6EE6D80 /* Utilities */,
			);
			path = CompressBar;
			sourceTree = "<group>";
		};
		F5C3962E8825C0287FCEF980 /* Extensions */ = {
			isa = PBXGroup;
			children = (
				A44E3CEAFCDE83742468D6BF /* Bundle+Version.swift */,
			);
			path = Extensions;
			sourceTree = "<group>";
		};
/* End PBXGroup section */

/* Begin PBXNativeTarget section */
		F0E081DFC3DC1FCD1644AA7B /* Snug */ = {
			isa = PBXNativeTarget;
			buildConfigurationList = 36A53569195791B52AB35D26 /* Build configuration list for PBXNativeTarget "Snug" */;
			buildPhases = (
				8E08D964BFC909A32EDE1CB3 /* Sources */,
				3B2EE67DADB5C4F599C388E4 /* Resources */,
				2BD93EA3F3FC04E421124CCA /* Frameworks */,
			);
			buildRules = (
			);
			dependencies = (
			);
			name = Snug;
			packageProductDependencies = (
				947179A7E2AB6162AE6DD25D /* HotKey */,
			);
			productName = Snug;
			productReference = 645E59665B30A605B041B102 /* Snug.app */;
			productType = "com.apple.product-type.application";
		};
/* End PBXNativeTarget section */

/* Begin PBXProject section */
		1992FCF279B19BCA8974D8C4 /* Project object */ = {
			isa = PBXProject;
			attributes = {
				BuildIndependentTargetsInParallel = YES;
				LastUpgradeCheck = 1600;
			};
			buildConfigurationList = 9A9E44C2FE5F813D920F1359 /* Build configuration list for PBXProject "Snug" */;
			compatibilityVersion = "Xcode 14.0";
			developmentRegion = en;
			hasScannedForEncodings = 0;
			knownRegions = (
				Base,
				en,
			);
			mainGroup = 93C988B8E83BA231863E3720;
			minimizedProjectReferenceProxies = 1;
			packageReferences = (
				9527A4063715DB64EC4C1826 /* XCRemoteSwiftPackageReference "HotKey" */,
			);
			preferredProjectObjectVersion = 77;
			projectDirPath = "";
			projectRoot = "";
			targets = (
				F0E081DFC3DC1FCD1644AA7B /* Snug */,
			);
		};
/* End PBXProject section */

/* Begin PBXResourcesBuildPhase section */
		3B2EE67DADB5C4F599C388E4 /* Resources */ = {
			isa = PBXResourcesBuildPhase;
			buildActionMask = 2147483647;
			files = (
				9A44B304E20331012A16B2EC /* Assets.xcassets in Resources */,
			);
			runOnlyForDeploymentPostprocessing = 0;
		};
/* End PBXResourcesBuildPhase section */

/* Begin PBXSourcesBuildPhase section */
		8E08D964BFC909A32EDE1CB3 /* Sources */ = {
			isa = PBXSourcesBuildPhase;
			buildActionMask = 2147483647;
			files = (
				03B7A1D2E8F94C3A1B5D6E7F /* AccessibilityMenuBarHelper.swift in Sources */,
				5CACB396F0C6E350899F8C3D /* AboutSettingsView.swift in Sources */,
				78BC78A073A764ECB7E2C81D /* AppDelegate.swift in Sources */,
				657E4CD065CFBF112C307BDF /* AppPreferences.swift in Sources */,
				8C4D8C13CE295D7BF5586665 /* AutoHideInterval.swift in Sources */,
				06D9732D5D4E6C606B3D405D /* Bundle+Version.swift in Sources */,
				407BB81722DE59A01540DC91 /* SnugApp.swift in Sources */,
				855417720748B23D246C9489 /* GeneralSettingsView.swift in Sources */,
				8055282F4BE04FF171AE1D9D /* GlobalKeybindPreferences.swift in Sources */,
				E479E0EC25D8C62C8EBA9B73 /* MenuBarItem.swift in Sources */,
				A18E180EA3E4114AE1CE4E12 /* MenuBarItemManager.swift in Sources */,
				AA7EEAF2A2668EC6ED359011 /* Permissions.swift in Sources */,
				8213856905D700FF0D392DE1 /* SettingsOpener.swift in Sources */,
				C93E26DFA31E755B979045B7 /* StatusBarController.swift in Sources */,
				D1E2F3A4B5C6D7E8F9A0B1C2 /* SnugLog.swift in Sources */,
			);
			runOnlyForDeploymentPostprocessing = 0;
		};
/* End PBXSourcesBuildPhase section */

/* Begin XCBuildConfiguration section */
		1281110533F1982C4F39A46D /* Release */ = {
			isa = XCBuildConfiguration;
			buildSettings = {
				ASSETCATALOG_COMPILER_APPICON_NAME = AppIcon;
				CODE_SIGN_ENTITLEMENTS = CompressBar/Snug.entitlements;
				COMBINE_HIDPI_IMAGES = YES;
				CURRENT_PROJECT_VERSION = 1;
				GENERATE_INFOPLIST_FILE = NO;
				INFOPLIST_FILE = CompressBar/Info.plist;
				LD_RUNPATH_SEARCH_PATHS = (
					"$(inherited)",
					"@executable_path/../Frameworks",
				);
				MACOSX_DEPLOYMENT_TARGET = 14.0;
				MARKETING_VERSION = 1.0.0;
				PRODUCT_BUNDLE_IDENTIFIER = com.snug.Snug;
				PRODUCT_NAME = Snug;
				SDKROOT = macosx;
				SWIFT_STRICT_CONCURRENCY = complete;
				SWIFT_VERSION = 6.0;
			};
			name = Release;
		};
		9A6C50AD92EFFA4FDA5414B3 /* Release */ = {
			isa = XCBuildConfiguration;
			buildSettings = {
				ALWAYS_SEARCH_USER_PATHS = NO;
				CLANG_ANALYZER_NONNULL = YES;
				CLANG_ANALYZER_NUMBER_OBJECT_CONVERSION = YES_AGGRESSIVE;
				CLANG_CXX_LANGUAGE_STANDARD = "gnu++14";
				CLANG_CXX_LIBRARY = "libc++";
				CLANG_ENABLE_MODULES = YES;
				CLANG_ENABLE_OBJC_ARC = YES;
				CLANG_ENABLE_OBJC_WEAK = YES;
				CLANG_WARN_BLOCK_CAPTURE_AUTORELEASING = YES;
				CLANG_WARN_BOOL_CONVERSION = YES;
				CLANG_WARN_COMMA = YES;
				CLANG_WARN_CONSTANT_CONVERSION = YES;
				CLANG_WARN_DEPRECATED_OBJC_IMPLEMENTATIONS = YES;
				CLANG_WARN_DIRECT_OBJC_ISA_USAGE = YES_ERROR;
				CLANG_WARN_DOCUMENTATION_COMMENTS = YES;
				CLANG_WARN_EMPTY_BODY = YES;
				CLANG_WARN_ENUM_CONVERSION = YES;
				CLANG_WARN_INFINITE_RECURSION = YES;
				CLANG_WARN_INT_CONVERSION = YES;
				CLANG_WARN_NON_LITERAL_NULL_CONVERSION = YES;
				CLANG_WARN_OBJC_IMPLICIT_RETAIN_SELF = YES;
				CLANG_WARN_OBJC_LITERAL_CONVERSION = YES;
				CLANG_WARN_OBJC_ROOT_CLASS = YES_ERROR;
				CLANG_WARN_QUOTED_INCLUDE_IN_FRAMEWORK_HEADER = YES;
				CLANG_WARN_RANGE_LOOP_ANALYSIS = YES;
				CLANG_WARN_STRICT_PROTOTYPES = YES;
				CLANG_WARN_SUSPICIOUS_MOVE = YES;
				CLANG_WARN_UNGUARDED_AVAILABILITY = YES_AGGRESSIVE;
				CLANG_WARN_UNREACHABLE_CODE = YES;
				CLANG_WARN__DUPLICATE_METHOD_MATCH = YES;
				COPY_PHASE_STRIP = NO;
				DEBUG_INFORMATION_FORMAT = "dwarf-with-dsym";
				ENABLE_NS_ASSERTIONS = NO;
				ENABLE_STRICT_OBJC_MSGSEND = YES;
				GCC_C_LANGUAGE_STANDARD = gnu11;
				GCC_NO_COMMON_BLOCKS = YES;
				GCC_WARN_64_TO_32_BIT_CONVERSION = YES;
				GCC_WARN_ABOUT_RETURN_TYPE = YES_ERROR;
				GCC_WARN_UNDECLARED_SELECTOR = YES;
				GCC_WARN_UNINITIALIZED_AUTOS = YES_AGGRESSIVE;
				GCC_WARN_UNUSED_FUNCTION = YES;
				GCC_WARN_UNUSED_VARIABLE = YES;
				MACOSX_DEPLOYMENT_TARGET = 14.0;
				MTL_ENABLE_DEBUG_INFO = NO;
				MTL_FAST_MATH = YES;
				PRODUCT_NAME = "$(TARGET_NAME)";
				SDKROOT = macosx;
				SWIFT_COMPILATION_MODE = wholemodule;
				SWIFT_OPTIMIZATION_LEVEL = "-O";
				SWIFT_VERSION = 5.0;
			};
			name = Release;
		};
		A2649EB7FAABDBE950F52A9A /* Debug */ = {
			isa = XCBuildConfiguration;
			buildSettings = {
				ALWAYS_SEARCH_USER_PATHS = NO;
				CLANG_ANALYZER_NONNULL = YES;
				CLANG_ANALYZER_NUMBER_OBJECT_CONVERSION = YES_AGGRESSIVE;
				CLANG_CXX_LANGUAGE_STANDARD = "gnu++14";
				CLANG_CXX_LIBRARY = "libc++";
				CLANG_ENABLE_MODULES = YES;
				CLANG_ENABLE_OBJC_ARC = YES;
				CLANG_ENABLE_OBJC_WEAK = YES;
				CLANG_WARN_BLOCK_CAPTURE_AUTORELEASING = YES;
				CLANG_WARN_BOOL_CONVERSION = YES;
				CLANG_WARN_COMMA = YES;
				CLANG_WARN_CONSTANT_CONVERSION = YES;
				CLANG_WARN_DEPRECATED_OBJC_IMPLEMENTATIONS = YES;
				CLANG_WARN_DIRECT_OBJC_ISA_USAGE = YES_ERROR;
				CLANG_WARN_DOCUMENTATION_COMMENTS = YES;
				CLANG_WARN_EMPTY_BODY = YES;
				CLANG_WARN_ENUM_CONVERSION = YES;
				CLANG_WARN_INFINITE_RECURSION = YES;
				CLANG_WARN_INT_CONVERSION = YES;
				CLANG_WARN_NON_LITERAL_NULL_CONVERSION = YES;
				CLANG_WARN_OBJC_IMPLICIT_RETAIN_SELF = YES;
				CLANG_WARN_OBJC_LITERAL_CONVERSION = YES;
				CLANG_WARN_OBJC_ROOT_CLASS = YES_ERROR;
				CLANG_WARN_QUOTED_INCLUDE_IN_FRAMEWORK_HEADER = YES;
				CLANG_WARN_RANGE_LOOP_ANALYSIS = YES;
				CLANG_WARN_STRICT_PROTOTYPES = YES;
				CLANG_WARN_SUSPICIOUS_MOVE = YES;
				CLANG_WARN_UNGUARDED_AVAILABILITY = YES_AGGRESSIVE;
				CLANG_WARN_UNREACHABLE_CODE = YES;
				CLANG_WARN__DUPLICATE_METHOD_MATCH = YES;
				COPY_PHASE_STRIP = NO;
				DEBUG_INFORMATION_FORMAT = dwarf;
				ENABLE_STRICT_OBJC_MSGSEND = YES;
				ENABLE_TESTABILITY = YES;
				GCC_C_LANGUAGE_STANDARD = gnu11;
				GCC_DYNAMIC_NO_PIC = NO;
				GCC_NO_COMMON_BLOCKS = YES;
				GCC_OPTIMIZATION_LEVEL = 0;
				GCC_PREPROCESSOR_DEFINITIONS = (
					"$(inherited)",
					"DEBUG=1",
				);
				GCC_WARN_64_TO_32_BIT_CONVERSION = YES;
				GCC_WARN_ABOUT_RETURN_TYPE = YES_ERROR;
				GCC_WARN_UNDECLARED_SELECTOR = YES;
				GCC_WARN_UNINITIALIZED_AUTOS = YES_AGGRESSIVE;
				GCC_WARN_UNUSED_FUNCTION = YES;
				GCC_WARN_UNUSED_VARIABLE = YES;
				MACOSX_DEPLOYMENT_TARGET = 14.0;
				MTL_ENABLE_DEBUG_INFO = INCLUDE_SOURCE;
				MTL_FAST_MATH = YES;
				ONLY_ACTIVE_ARCH = YES;
				PRODUCT_NAME = "$(TARGET_NAME)";
				SDKROOT = macosx;
				SWIFT_ACTIVE_COMPILATION_CONDITIONS = DEBUG;
				SWIFT_OPTIMIZATION_LEVEL = "-Onone";
				SWIFT_VERSION = 5.0;
			};
			name = Debug;
		};
		D5FF79F708B061DDA164980A /* Debug */ = {
			isa = XCBuildConfiguration;
			buildSettings = {
				ASSETCATALOG_COMPILER_APPICON_NAME = AppIcon;
				CODE_SIGN_ENTITLEMENTS = CompressBar/Snug.entitlements;
				COMBINE_HIDPI_IMAGES = YES;
				CURRENT_PROJECT_VERSION = 1;
				GENERATE_INFOPLIST_FILE = NO;
				INFOPLIST_FILE = CompressBar/Info.plist;
				LD_RUNPATH_SEARCH_PATHS = (
					"$(inherited)",
					"@executable_path/../Frameworks",
				);
				MACOSX_DEPLOYMENT_TARGET = 14.0;
				MARKETING_VERSION = 1.0.0;
				PRODUCT_BUNDLE_IDENTIFIER = com.snug.Snug;
				PRODUCT_NAME = Snug;
				SDKROOT = macosx;
				SWIFT_STRICT_CONCURRENCY = complete;
				SWIFT_VERSION = 6.0;
			};
			name = Debug;
		};
/* End XCBuildConfiguration section */

/* Begin XCConfigurationList section */
		36A53569195791B52AB35D26 /* Build configuration list for PBXNativeTarget "Snug" */ = {
			isa = XCConfigurationList;
			buildConfigurations = (
				D5FF79F708B061DDA164980A /* Debug */,
				1281110533F1982C4F39A46D /* Release */,
			);
			defaultConfigurationIsVisible = 0;
			defaultConfigurationName = Debug;
		};
		9A9E44C2FE5F813D920F1359 /* Build configuration list for PBXProject "Snug" */ = {
			isa = XCConfigurationList;
			buildConfigurations = (
				A2649EB7FAABDBE950F52A9A /* Debug */,
				9A6C50AD92EFFA4FDA5414B3 /* Release */,
			);
			defaultConfigurationIsVisible = 0;
			defaultConfigurationName = Debug;
		};
/* End XCConfigurationList section */

/* Begin XCRemoteSwiftPackageReference section */
		9527A4063715DB64EC4C1826 /* XCRemoteSwiftPackageReference "HotKey" */ = {
			isa = XCRemoteSwiftPackageReference;
			repositoryURL = "https://github.com/soffes/HotKey";
			requirement = {
				kind = upToNextMajorVersion;
				minimumVersion = 0.2.1;
			};
		};
/* End XCRemoteSwiftPackageReference section */

/* Begin XCSwiftPackageProductDependency section */
		947179A7E2AB6162AE6DD25D /* HotKey */ = {
			isa = XCSwiftPackageProductDependency;
			package = 9527A4063715DB64EC4C1826 /* XCRemoteSwiftPackageReference "HotKey" */;
			productName = HotKey;
		};
/* End XCSwiftPackageProductDependency section */
	};
	rootObject = 1992FCF279B19BCA8974D8C4 /* Project object */;
}
